
Microsoft Visual Studio Solution File, Format Version 12.00
# Visual Studio Version 17
VisualStudioVersion = 17.10.35122.118
MinimumVisualStudioVersion = 10.0.40219.1
Project("{FAE04EC0-301F-11D3-BF4B-00C04F79EFBC}") = "Tool_Reg_OKX", "Tool_Reg_OKX.csproj", "{23757270-0EE6-438D-A1EC-04FB4810E255}"
EndProject
Global
	GlobalSection(SolutionConfigurationPlatforms) = preSolution
		Debug|Any CPU = Debug|Any CPU
		Release|Any CPU = Release|Any CPU
	EndGlobalSection
	GlobalSection(ProjectConfigurationPlatforms) = postSolution
		{23757270-0EE6-438D-A1EC-04FB4810E255}.Debug|Any CPU.ActiveCfg = Debug|Any CPU
		{23757270-0EE6-438D-A1EC-04FB4810E255}.Debug|Any CPU.Build.0 = Debug|Any CPU
		{23757270-0EE6-438D-A1EC-04FB4810E255}.Release|Any CPU.ActiveCfg = Release|Any CPU
		{23757270-0EE6-438D-A1EC-04FB4810E255}.Release|Any CPU.Build.0 = Release|Any CPU
	EndGlobalSection
	GlobalSection(SolutionProperties) = preSolution
		HideSolutionNode = FALSE
	EndGlobalSection
	GlobalSection(ExtensibilityGlobals) = postSolution
		SolutionGuid = {C9A6EB19-BDFE-4607-9CED-D33E310DC58A}
	EndGlobalSection
EndGlobal
